<?xml version="1.0" encoding="utf-8"?>
<Project ToolsVersion="4.0" xmlns="http://schemas.microsoft.com/developer/msbuild/2003">
  <ItemGroup>
    <ClCompile Include="GameObject.cpp">
      <Filter>Src</Filter>
    </ClCompile>
    <ClCompile Include="..\glad.c">
      <Filter>Src</Filter>
    </ClCompile>
    <ClCompile Include="PhysicsManager.cpp">
      <Filter>Src</Filter>
    </ClCompile>
    <ClCompile Include="RigidBody.cpp">
      <Filter>Src</Filter>
    </ClCompile>
    <ClCompile Include="SceneManager.cpp">
      <Filter>Src</Filter>
    </ClCompile>
    <ClCompile Include="Source.cpp">
      <Filter>Src</Filter>
    </ClCompile>
    <ClCompile Include="Timer.cpp" />
  </ItemGroup>
  <ItemGroup>
    <ClInclude Include="GameObject.h">
      <Filter>Headers</Filter>
    </ClInclude>
    <ClInclude Include="PhysicsManager.h">
      <Filter>Headers</Filter>
    </ClInclude>
    <ClInclude Include="RigidBody.h">
      <Filter>Headers</Filter>
    </ClInclude>
    <ClInclude Include="SceneManager.h">
      <Filter>Headers</Filter>
    </ClInclude>
    <ClInclude Include="Shader.h">
      <Filter>Headers</Filter>
    </ClInclude>
    <ClInclude Include="Timer.h" />
  </ItemGroup>
  <ItemGroup>
    <Filter Include="Headers">
      <UniqueIdentifier>{5dc30bd6-c784-447a-9aab-6e4d786c17b6}</UniqueIdentifier>
    </Filter>
    <Filter Include="Src">
      <UniqueIdentifier>{efa95203-6629-41af-8d39-c6bb83e755b8}</UniqueIdentifier>
    </Filter>
    <Filter Include="Shaders">
      <UniqueIdentifier>{30bf5bf1-1b0c-45f4-be49-bb6cf23cd302}</UniqueIdentifier>
    </Filter>
  </ItemGroup>
  <ItemGroup>
    <None Include="..\shaders\simpleRenderer.frag">
      <Filter>Shaders</Filter>
    </None>
    <None Include="..\shaders\simpleRenderer.vs">
      <Filter>Shaders</Filter>
    </None>
    <None Include="..\shaders\transformations.frag">
      <Filter>Shaders</Filter>
    </None>
    <None Include="..\shaders\transformations.vs">
      <Filter>Shaders</Filter>
    </None>
  </ItemGroup>
</Project>